
Microsoft Visual Studio Solution File, Format Version 12.00
# Visual Studio 15
VisualStudioVersion = 15.0.26124.0
MinimumVisualStudioVersion = 15.0.26124.0
Project("{FAE04EC0-301F-11D3-BF4B-00C04F79EFBC}") = "Challenge1", "Challenge1\Challenge1.csproj", "{1A4F1B19-ABC8-46DD-B067-8B0BC03A509B}"
EndProject
Project("{FAE04EC0-301F-11D3-BF4B-00C04F79EFBC}") = "Challenge1.Tests", "Challenge1.Tests\Challenge1.Tests.csproj", "{588EF9BC-2821-40D3-97F5-870D4DA5C41A}"
EndProject
Project("{FAE04EC0-301F-11D3-BF4B-00C04F79EFBC}") = "Challenge2.Tests", "Challenge2.Tests\Challenge2.Tests.csproj", "{3A89E7BC-729C-4739-B8AB-ABE9B3B01097}"
EndProject
Project("{FAE04EC0-301F-11D3-BF4B-00C04F79EFBC}") = "Challenge2", "Challenge2\Challenge2.csproj", "{0DC9AE04-C639-4208-9B2E-C24B5B68BBA9}"
EndProject
Project("{FAE04EC0-301F-11D3-BF4B-00C04F79EFBC}") = "Util", "Util\Util.csproj", "{3A18A7E2-B031-44E5-8ECA-5635292FB4DF}"
EndProject
Global
	GlobalSection(SolutionConfigurationPlatforms) = preSolution
		Debug|Any CPU = Debug|Any CPU
		Debug|x64 = Debug|x64
		Debug|x86 = Debug|x86
		Release|Any CPU = Release|Any CPU
		Release|x64 = Release|x64
		Release|x86 = Release|x86
	EndGlobalSection
	GlobalSection(ProjectConfigurationPlatforms) = postSolution
		{1A4F1B19-ABC8-46DD-B067-8B0BC03A509B}.Debug|Any CPU.ActiveCfg = Debug|Any CPU
		{1A4F1B19-ABC8-46DD-B067-8B0BC03A509B}.Debug|Any CPU.Build.0 = Debug|Any CPU
		{1A4F1B19-ABC8-46DD-B067-8B0BC03A509B}.Debug|x64.ActiveCfg = Debug|Any CPU
		{1A4F1B19-ABC8-46DD-B067-8B0BC03A509B}.Debug|x64.Build.0 = Debug|Any CPU
		{1A4F1B19-ABC8-46DD-B067-8B0BC03A509B}.Debug|x86.ActiveCfg = Debug|Any CPU
		{1A4F1B19-ABC8-46DD-B067-8B0BC03A509B}.Debug|x86.Build.0 = Debug|Any CPU
		{1A4F1B19-ABC8-46DD-B067-8B0BC03A509B}.Release|Any CPU.ActiveCfg = Release|Any CPU
		{1A4F1B19-ABC8-46DD-B067-8B0BC03A509B}.Release|Any CPU.Build.0 = Release|Any CPU
		{1A4F1B19-ABC8-46DD-B067-8B0BC03A509B}.Release|x64.ActiveCfg = Release|Any CPU
		{1A4F1B19-ABC8-46DD-B067-8B0BC03A509B}.Release|x64.Build.0 = Release|Any CPU
		{1A4F1B19-ABC8-46DD-B067-8B0BC03A509B}.Release|x86.ActiveCfg = Release|Any CPU
		{1A4F1B19-ABC8-46DD-B067-8B0BC03A509B}.Release|x86.Build.0 = Release|Any CPU
		{588EF9BC-2821-40D3-97F5-870D4DA5C41A}.Debug|Any CPU.ActiveCfg = Debug|Any CPU
		{588EF9BC-2821-40D3-97F5-870D4DA5C41A}.Debug|Any CPU.Build.0 = Debug|Any CPU
		{588EF9BC-2821-40D3-97F5-870D4DA5C41A}.Debug|x64.ActiveCfg = Debug|Any CPU
		{588EF9BC-2821-40D3-97F5-870D4DA5C41A}.Debug|x64.Build.0 = Debug|Any CPU
		{588EF9BC-2821-40D3-97F5-870D4DA5C41A}.Debug|x86.ActiveCfg = Debug|Any CPU
		{588EF9BC-2821-40D3-97F5-870D4DA5C41A}.Debug|x86.Build.0 = Debug|Any CPU
		{588EF9BC-2821-40D3-97F5-870D4DA5C41A}.Release|Any CPU.ActiveCfg = Release|Any CPU
		{588EF9BC-2821-40D3-97F5-870D4DA5C41A}.Release|Any CPU.Build.0 = Release|Any CPU
		{588EF9BC-2821-40D3-97F5-870D4DA5C41A}.Release|x64.ActiveCfg = Release|Any CPU
		{588EF9BC-2821-40D3-97F5-870D4DA5C41A}.Release|x64.Build.0 = Release|Any CPU
		{588EF9BC-2821-40D3-97F5-870D4DA5C41A}.Release|x86.ActiveCfg = Release|Any CPU
		{588EF9BC-2821-40D3-97F5-870D4DA5C41A}.Release|x86.Build.0 = Release|Any CPU
		{3A89E7BC-729C-4739-B8AB-ABE9B3B01097}.Debug|Any CPU.ActiveCfg = Debug|Any CPU
		{3A89E7BC-729C-4739-B8AB-ABE9B3B01097}.Debug|Any CPU.Build.0 = Debug|Any CPU
		{3A89E7BC-729C-4739-B8AB-ABE9B3B01097}.Debug|x64.ActiveCfg = Debug|Any CPU
		{3A89E7BC-729C-4739-B8AB-ABE9B3B01097}.Debug|x64.Build.0 = Debug|Any CPU
		{3A89E7BC-729C-4739-B8AB-ABE9B3B01097}.Debug|x86.ActiveCfg = Debug|Any CPU
		{3A89E7BC-729C-4739-B8AB-ABE9B3B01097}.Debug|x86.Build.0 = Debug|Any CPU
		{3A89E7BC-729C-4739-B8AB-ABE9B3B01097}.Release|Any CPU.ActiveCfg = Release|Any CPU
		{3A89E7BC-729C-4739-B8AB-ABE9B3B01097}.Release|Any CPU.Build.0 = Release|Any CPU
		{3A89E7BC-729C-4739-B8AB-ABE9B3B01097}.Release|x64.ActiveCfg = Release|Any CPU
		{3A89E7BC-729C-4739-B8AB-ABE9B3B01097}.Release|x64.Build.0 = Release|Any CPU
		{3A89E7BC-729C-4739-B8AB-ABE9B3B01097}.Release|x86.ActiveCfg = Release|Any CPU
		{3A89E7BC-729C-4739-B8AB-ABE9B3B01097}.Release|x86.Build.0 = Release|Any CPU
		{0DC9AE04-C639-4208-9B2E-C24B5B68BBA9}.Debug|Any CPU.ActiveCfg = Debug|Any CPU
		{0DC9AE04-C639-4208-9B2E-C24B5B68BBA9}.Debug|Any CPU.Build.0 = Debug|Any CPU
		{0DC9AE04-C639-4208-9B2E-C24B5B68BBA9}.Debug|x64.ActiveCfg = Debug|Any CPU
		{0DC9AE04-C639-4208-9B2E-C24B5B68BBA9}.Debug|x64.Build.0 = Debug|Any CPU
		{0DC9AE04-C639-4208-9B2E-C24B5B68BBA9}.Debug|x86.ActiveCfg = Debug|Any CPU
		{0DC9AE04-C639-4208-9B2E-C24B5B68BBA9}.Debug|x86.Build.0 = Debug|Any CPU
		{0DC9AE04-C639-4208-9B2E-C24B5B68BBA9}.Release|Any CPU.ActiveCfg = Release|Any CPU
		{0DC9AE04-C639-4208-9B2E-C24B5B68BBA9}.Release|Any CPU.Build.0 = Release|Any CPU
		{0DC9AE04-C639-4208-9B2E-C24B5B68BBA9}.Release|x64.ActiveCfg = Release|Any CPU
		{0DC9AE04-C639-4208-9B2E-C24B5B68BBA9}.Release|x64.Build.0 = Release|Any CPU
		{0DC9AE04-C639-4208-9B2E-C24B5B68BBA9}.Release|x86.ActiveCfg = Release|Any CPU
		{0DC9AE04-C639-4208-9B2E-C24B5B68BBA9}.Release|x86.Build.0 = Release|Any CPU
		{3A18A7E2-B031-44E5-8ECA-5635292FB4DF}.Debug|Any CPU.ActiveCfg = Debug|Any CPU
		{3A18A7E2-B031-44E5-8ECA-5635292FB4DF}.Debug|Any CPU.Build.0 = Debug|Any CPU
		{3A18A7E2-B031-44E5-8ECA-5635292FB4DF}.Debug|x64.ActiveCfg = Debug|Any CPU
		{3A18A7E2-B031-44E5-8ECA-5635292FB4DF}.Debug|x64.Build.0 = Debug|Any CPU
		{3A18A7E2-B031-44E5-8ECA-5635292FB4DF}.Debug|x86.ActiveCfg = Debug|Any CPU
		{3A18A7E2-B031-44E5-8ECA-5635292FB4DF}.Debug|x86.Build.0 = Debug|Any CPU
		{3A18A7E2-B031-44E5-8ECA-5635292FB4DF}.Release|Any CPU.ActiveCfg = Release|Any CPU
		{3A18A7E2-B031-44E5-8ECA-5635292FB4DF}.Release|Any CPU.Build.0 = Release|Any CPU
		{3A18A7E2-B031-44E5-8ECA-5635292FB4DF}.Release|x64.ActiveCfg = Release|Any CPU
		{3A18A7E2-B031-44E5-8ECA-5635292FB4DF}.Release|x64.Build.0 = Release|Any CPU
		{3A18A7E2-B031-44E5-8ECA-5635292FB4DF}.Release|x86.ActiveCfg = Release|Any CPU
		{3A18A7E2-B031-44E5-8ECA-5635292FB4DF}.Release|x86.Build.0 = Release|Any CPU
	EndGlobalSection
	GlobalSection(SolutionProperties) = preSolution
		HideSolutionNode = FALSE
	EndGlobalSection
	GlobalSection(ExtensibilityGlobals) = postSolution
		SolutionGuid = {F96C5F93-DF2A-437E-8393-4005670CA748}
	EndGlobalSection
EndGlobal
